<?xml version="1.0" encoding="utf-8"?>
<Project ToolsVersion="4.0" xmlns="http://schemas.microsoft.com/developer/msbuild/2003">
  <ItemGroup>
    <Filter Include="Core">
      <UniqueIdentifier>{11111111-1111-1111-1111-111111111101}</UniqueIdentifier>
    </Filter>
    <Filter Include="TUI">
      <UniqueIdentifier>{11111111-1111-1111-1111-111111111102}</UniqueIdentifier>
    </Filter>
    <Filter Include="GUI">
      <UniqueIdentifier>{11111111-1111-1111-1111-111111111103}</UniqueIdentifier>
    </Filter>
    <Filter Include="Tests">
      <UniqueIdentifier>{11111111-1111-1111-1111-111111111104}</UniqueIdentifier>
    </Filter>
    <Filter Include="Resource Files">
      <UniqueIdentifier>{67DA6AB6-F800-4c08-8B7A-83BB121AAD01}</UniqueIdentifier>
      <Extensions>qrc;rc;ico;cur;bmp;dlg;rc2;rct;bin;rgs;gif;jpg;jpeg;jpe;resx;tiff;tif;png;wav;svg</Extensions>
    </Filter>
  </ItemGroup>
  <ItemGroup>
    <ClCompile Include="..\..\main\address-space\address_space.cpp">
      <Filter>Core</Filter>
    </ClCompile>
    <ClCompile Include="..\..\main\disassembler\disassembler.cpp">
      <Filter>Core</Filter>
    </ClCompile>
    <ClCompile Include="..\..\main\disassembler\ELF\elf_disassembler.cpp">
      <Filter>Core</Filter>
    </ClCompile>
    <ClCompile Include="..\..\main\disassembler\PE\pe_disassembler.cpp">
      <Filter>Core</Filter>
    </ClCompile>
    <ClCompile Include="..\..\main\main.cpp">
      <Filter>Core</Filter>
    </ClCompile>
    <ClCompile Include="..\..\tests\runner.cpp">
      <Filter>Tests</Filter>
    </ClCompile>
    <ClCompile Include="..\..\main\TUI\model\session.cpp">
      <Filter>TUI</Filter>
    </ClCompile>
    <ClCompile Include="..\..\main\TUI\panes\disassembly_pane.cpp">
      <Filter>TUI</Filter>
    </ClCompile>
    <ClCompile Include="..\..\main\TUI\panes\memory_pane.cpp">
      <Filter>TUI</Filter>
    </ClCompile>
    <ClCompile Include="..\..\main\TUI\panes\registers_pane.cpp">
      <Filter>TUI</Filter>
    </ClCompile>
    <ClCompile Include="..\..\main\TUI\panes\stack_pane.cpp">
      <Filter>TUI</Filter>
    </ClCompile>
    <ClCompile Include="..\..\main\TUI\runner\mainUI.cpp">
      <Filter>TUI</Filter>
    </ClCompile>
    <ClCompile Include="..\..\main\TUI\ui\ui.cpp">
      <Filter>TUI</Filter>
    </ClCompile>
    <ClCompile Include="..\..\main\GUI\model\gui_session.cpp">
      <Filter>GUI</Filter>
    </ClCompile>
    <ClCompile Include="..\..\main\GUI\ai\ai_client.cpp">
      <Filter>GUI</Filter>
    </ClCompile>
    <ClCompile Include="..\..\main\GUI\dialogs\settings_dialog.cpp">
      <Filter>GUI</Filter>
    </ClCompile>
    <ClCompile Include="..\..\main\GUI\panes\disassembly_pane.cpp">
      <Filter>GUI</Filter>
    </ClCompile>
    <ClCompile Include="..\..\main\GUI\panes\registers_pane.cpp">
      <Filter>GUI</Filter>
    </ClCompile>
    <ClCompile Include="..\..\main\GUI\panes\stack_pane.cpp">
      <Filter>GUI</Filter>
    </ClCompile>
    <ClCompile Include="..\..\main\GUI\panes\memory_pane.cpp">
      <Filter>GUI</Filter>
    </ClCompile>
    <ClCompile Include="..\..\main\GUI\panes\ai_chat_pane.cpp">
      <Filter>GUI</Filter>
    </ClCompile>
    <ClCompile Include="..\..\main\GUI\panes\disasm_delegate.cpp">
      <Filter>GUI</Filter>
    </ClCompile>
    <ClCompile Include="..\..\main\GUI\theme\theme.cpp">
      <Filter>GUI</Filter>
    </ClCompile>
    <ClCompile Include="..\..\main\GUI\theme\theme_manager.cpp">
      <Filter>GUI</Filter>
    </ClCompile>
    <ClCompile Include="..\..\main\GUI\theme\icons.cpp">
      <Filter>GUI</Filter>
    </ClCompile>
    <ClCompile Include="..\..\main\GUI\widgets\main_window.cpp">
      <Filter>GUI</Filter>
    </ClCompile>
    <ClCompile Include="..\..\main\GUI\widgets\welcome_widget.cpp">
      <Filter>GUI</Filter>
    </ClCompile>
    <ClCompile Include="..\..\main\GUI\runner\gui_main.cpp">
      <Filter>GUI</Filter>
    </ClCompile>
  </ItemGroup>
  <ItemGroup>
    <ClInclude Include="..\..\main\address-space\address_space.hpp">
      <Filter>Core</Filter>
    </ClInclude>
    <ClInclude Include="..\..\main\disassembler\disassembler.hpp">
      <Filter>Core</Filter>
    </ClInclude>
    <ClInclude Include="..\..\main\disassembler\ELF\elf_disassembler.hpp">
      <Filter>Core</Filter>
    </ClInclude>
    <ClInclude Include="..\..\main\disassembler\ELF\parsers\elf_section_map.hpp">
      <Filter>Core</Filter>
    </ClInclude>
    <ClInclude Include="..\..\main\disassembler\miscellaneous\sections\base\header.hpp">
      <Filter>Core</Filter>
    </ClInclude>
    <ClInclude Include="..\..\main\disassembler\mnemonic\AArch64\AArch64-instr.hpp">
      <Filter>Core</Filter>
    </ClInclude>
    <ClInclude Include="..\..\main\disassembler\mnemonic\AArch64\AArch64-mnemonic.hpp">
      <Filter>Core</Filter>
    </ClInclude>
    <ClInclude Include="..\..\main\disassembler\mnemonic\ARM32\ARM32-instr.hpp">
      <Filter>Core</Filter>
    </ClInclude>
    <ClInclude Include="..\..\main\disassembler\mnemonic\ARM32\ARM32-mnemonic.hpp">
      <Filter>Core</Filter>
    </ClInclude>
    <ClInclude Include="..\..\main\disassembler\mnemonic\instruction.hpp">
      <Filter>Core</Filter>
    </ClInclude>
    <ClInclude Include="..\..\main\disassembler\PE\parsers\pe_section_map.hpp">
      <Filter>Core</Filter>
    </ClInclude>
    <ClInclude Include="..\..\main\disassembler\PE\pe_disassembler.hpp">
      <Filter>Core</Filter>
    </ClInclude>
    <ClInclude Include="..\..\main\miscellaneous\loader.hpp">
      <Filter>Core</Filter>
    </ClInclude>
    <ClInclude Include="..\..\main\TUI\model\session.h">
      <Filter>TUI</Filter>
    </ClInclude>
    <ClInclude Include="..\..\main\TUI\panes\panes.h">
      <Filter>TUI</Filter>
    </ClInclude>
    <ClInclude Include="..\..\main\TUI\runner\mainUI.h">
      <Filter>TUI</Filter>
    </ClInclude>
    <ClInclude Include="..\..\main\TUI\ui\ui.h">
      <Filter>TUI</Filter>
    </ClInclude>
    <ClInclude Include="..\..\main\GUI\dialogs\settings.h">
      <Filter>GUI</Filter>
    </ClInclude>
    <ClInclude Include="..\..\main\GUI\model\gui_session.h">
      <Filter>GUI</Filter>
    </ClInclude>
    <ClInclude Include="..\..\main\GUI\runner\gui_main.h">
      <Filter>GUI</Filter>
    </ClInclude>
    <ClInclude Include="..\..\main\GUI\theme\theme.h">
      <Filter>GUI</Filter>
    </ClInclude>
    <ClInclude Include="..\..\main\GUI\theme\theme_manager.h">
      <Filter>GUI</Filter>
    </ClInclude>
    <ClInclude Include="..\..\main\GUI\theme\icons.h">
      <Filter>GUI</Filter>
    </ClInclude>
    <ClInclude Include="..\..\main\disassembler\mnemonic\x86_64\x86_64-instr.hpp">
      <Filter>Core</Filter>
    </ClInclude>
    <ClInclude Include="..\..\main\disassembler\mnemonic\x86_64\x86_64-mnemonic.hpp">
      <Filter>Core</Filter>
    </ClInclude>
  </ItemGroup>
  <ItemGroup>
    <QtMoc Include="..\..\main\GUI\ai\ai_client.h">
      <Filter>GUI</Filter>
    </QtMoc>
    <QtMoc Include="..\..\main\GUI\dialogs\settings_dialog.h">
      <Filter>GUI</Filter>
    </QtMoc>
    <QtMoc Include="..\..\main\GUI\panes\disassembly_pane.h">
      <Filter>GUI</Filter>
    </QtMoc>
    <QtMoc Include="..\..\main\GUI\panes\registers_pane.h">
      <Filter>GUI</Filter>
    </QtMoc>
    <QtMoc Include="..\..\main\GUI\panes\stack_pane.h">
      <Filter>GUI</Filter>
    </QtMoc>
    <QtMoc Include="..\..\main\GUI\panes\memory_pane.h">
      <Filter>GUI</Filter>
    </QtMoc>
    <QtMoc Include="..\..\main\GUI\panes\ai_chat_pane.h">
      <Filter>GUI</Filter>
    </QtMoc>
    <QtMoc Include="..\..\main\GUI\panes\disasm_delegate.h">
      <Filter>GUI</Filter>
    </QtMoc>
    <QtMoc Include="..\..\main\GUI\widgets\main_window.h">
      <Filter>GUI</Filter>
    </QtMoc>
    <QtMoc Include="..\..\main\GUI\widgets\welcome_widget.h">
      <Filter>GUI</Filter>
    </QtMoc>
  </ItemGroup>
  <ItemGroup>
    <QtRcc Include="..\..\main\GUI\rsrc\mainWindow.qrc">
      <Filter>Resource Files</Filter>
    </QtRcc>
  </ItemGroup>
  <ItemGroup>
    <ResourceCompile Include="..\..\main\app.rc">
      <Filter>Resource Files</Filter>
    </ResourceCompile>
  </ItemGroup>
</Project>