<?xml version="1.0" encoding="utf-8"?>
<Project ToolsVersion="4.0" xmlns="http://schemas.microsoft.com/developer/msbuild/2003">
  <ItemGroup>
    <Filter Include="Core">
      <UniqueIdentifier>{11111111-1111-1111-1111-111111111101}</UniqueIdentifier>
    </Filter>
    <Filter Include="TUI">
      <UniqueIdentifier>{11111111-1111-1111-1111-111111111102}</UniqueIdentifier>
    </Filter>
    <Filter Include="GUI">
      <UniqueIdentifier>{11111111-1111-1111-1111-111111111103}</UniqueIdentifier>
    </Filter>
    <Filter Include="Tests">
      <UniqueIdentifier>{11111111-1111-1111-1111-111111111104}</UniqueIdentifier>
    </Filter>
    <Filter Include="Console-utils">
      <UniqueIdentifier>{11111111-1111-1111-1111-111111111105}</UniqueIdentifier>
    </Filter>
    <Filter Include="Resource Files">
      <UniqueIdentifier>{67DA6AB6-F800-4c08-8B7A-83BB121AAD01}</UniqueIdentifier>
      <Extensions>qrc;rc;ico;cur;bmp;dlg;rc2;rct;bin;rgs;gif;jpg;jpeg;jpe;resx;tiff;tif;png;wav;svg</Extensions>
    </Filter>
  </ItemGroup>
  <ItemGroup>
    <ClCompile Include="..\src\address_space.cpp">
      <Filter>Core</Filter>
    </ClCompile>
    <ClCompile Include="..\src\disassembler\disassembler.cpp">
      <Filter>Core</Filter>
    </ClCompile>
    <ClCompile Include="..\src\disassembler\format\elf\elf_disassembler.cpp">
      <Filter>Core</Filter>
    </ClCompile>
    <ClCompile Include="..\src\disassembler\format\pe\pe_disassembler.cpp">
      <Filter>Core</Filter>
    </ClCompile>
    <ClCompile Include="..\src\main.cpp">
      <Filter>Core</Filter>
    </ClCompile>
    <ClCompile Include="..\tests\runner.cpp">
      <Filter>Tests</Filter>
    </ClCompile>
    <ClCompile Include="..\src\gui\session.cpp">
      <Filter>TUI</Filter>
    </ClCompile>
    <ClCompile Include="..\src\gui\panes\disassembly_pane.cpp">
      <Filter>TUI</Filter>
    </ClCompile>
    <ClCompile Include="..\src\gui\panes\memory_pane.cpp">
      <Filter>TUI</Filter>
    </ClCompile>
    <ClCompile Include="..\src\gui\panes\registers_pane.cpp">
      <Filter>TUI</Filter>
    </ClCompile>
    <ClCompile Include="..\src\gui\panes\stack_pane.cpp">
      <Filter>TUI</Filter>
    </ClCompile>
    <ClCompile Include="..\src\tui\tui_main.cpp">
      <Filter>TUI</Filter>
    </ClCompile>
    <ClCompile Include="..\src\tui\ui.cpp">
      <Filter>TUI</Filter>
    </ClCompile>
    <ClCompile Include="..\src\gui\session.cpp">
      <Filter>GUI</Filter>
    </ClCompile>
    <ClCompile Include="..\src\gui\symbols.cpp">
      <Filter>GUI</Filter>
    </ClCompile>
    <ClCompile Include="..\src\gui\ai\ai_client.cpp">
      <Filter>GUI</Filter>
    </ClCompile>
    <ClCompile Include="..\src\gui\dialogs\settings_dialog.cpp">
      <Filter>GUI</Filter>
    </ClCompile>
    <ClCompile Include="..\src\gui\panes\disassembly_pane.cpp">
      <Filter>GUI</Filter>
    </ClCompile>
    <ClCompile Include="..\src\gui\panes\registers_pane.cpp">
      <Filter>GUI</Filter>
    </ClCompile>
    <ClCompile Include="..\src\gui\panes\stack_pane.cpp">
      <Filter>GUI</Filter>
    </ClCompile>
    <ClCompile Include="..\src\gui\panes\memory_pane.cpp">
      <Filter>GUI</Filter>
    </ClCompile>
    <ClCompile Include="..\src\gui\panes\ai_chat_pane.cpp">
      <Filter>GUI</Filter>
    </ClCompile>
    <ClCompile Include="..\src\gui\panes\disasm_delegate.cpp">
      <Filter>GUI</Filter>
    </ClCompile>
    <ClCompile Include="..\src\gui\theme\theme.cpp">
      <Filter>GUI</Filter>
    </ClCompile>
    <ClCompile Include="..\src\gui\theme\theme_manager.cpp">
      <Filter>GUI</Filter>
    </ClCompile>
    <ClCompile Include="..\src\gui\theme\icons.cpp">
      <Filter>GUI</Filter>
    </ClCompile>
    <ClCompile Include="..\src\gui\main_window.cpp">
      <Filter>GUI</Filter>
    </ClCompile>
    <ClCompile Include="..\src\gui\welcome_widget.cpp">
      <Filter>GUI</Filter>
    </ClCompile>
    <ClCompile Include="..\src\gui\gui_main.cpp">
      <Filter>GUI</Filter>
    </ClCompile>
    <ClCompile Include="..\src\gui\panes\symbols_pane.cpp" />
  </ItemGroup>
  <ItemGroup>
    <ClInclude Include="..\src\address_space.hpp">
      <Filter>Core</Filter>
    </ClInclude>
    <ClInclude Include="..\src\disassembler\disassembler.hpp">
      <Filter>Core</Filter>
    </ClInclude>
    <ClInclude Include="..\src\disassembler\format\elf\elf_disassembler.hpp">
      <Filter>Core</Filter>
    </ClInclude>
    <ClInclude Include="..\src\disassembler\format\elf\elf_sections.hpp">
      <Filter>Core</Filter>
    </ClInclude>
    <ClInclude Include="..\src\disassembler\format\section.hpp">
      <Filter>Core</Filter>
    </ClInclude>
    <ClInclude Include="..\src\arch\aarch64\aarch64_instruction.hpp">
      <Filter>Core</Filter>
    </ClInclude>
    <ClInclude Include="..\src\arch\aarch64\aarch64_mnemonic.hpp">
      <Filter>Core</Filter>
    </ClInclude>
    <ClInclude Include="..\src\arch\arm32\arm32_instruction.hpp">
      <Filter>Core</Filter>
    </ClInclude>
    <ClInclude Include="..\src\arch\arm32\arm32_mnemonic.hpp">
      <Filter>Core</Filter>
    </ClInclude>
    <ClInclude Include="..\src\arch\instruction.hpp">
      <Filter>Core</Filter>
    </ClInclude>
    <ClInclude Include="..\src\disassembler\format\pe\pe_sections.hpp">
      <Filter>Core</Filter>
    </ClInclude>
    <ClInclude Include="..\src\disassembler\format\pe\pe_disassembler.hpp">
      <Filter>Core</Filter>
    </ClInclude>
    <ClInclude Include="..\src\disassembler\format\detect.hpp">
      <Filter>Core</Filter>
    </ClInclude>
    <ClInclude Include="..\src\tui\session.hpp">
      <Filter>TUI</Filter>
    </ClInclude>
    <ClInclude Include="..\src\tui\panes\panes.hpp">
      <Filter>TUI</Filter>
    </ClInclude>
    <ClInclude Include="..\src\tui\tui_main.hpp">
      <Filter>TUI</Filter>
    </ClInclude>
    <ClInclude Include="..\src\tui\ui.hpp">
      <Filter>TUI</Filter>
    </ClInclude>
    <ClInclude Include="..\src\gui\dialogs\settings.hpp">
      <Filter>GUI</Filter>
    </ClInclude>
    <ClInclude Include="..\src\gui\session.hpp">
      <Filter>GUI</Filter>
    </ClInclude>
    <ClInclude Include="..\src\gui\symbols.hpp">
      <Filter>GUI</Filter>
    </ClInclude>
    <ClInclude Include="..\src\gui\gui_main.hpp">
      <Filter>GUI</Filter>
    </ClInclude>
    <ClInclude Include="..\src\gui\theme\theme.hpp">
      <Filter>GUI</Filter>
    </ClInclude>
    <ClInclude Include="..\src\gui\theme\theme_manager.hpp">
      <Filter>GUI</Filter>
    </ClInclude>
    <ClInclude Include="..\src\gui\theme\icons.hpp">
      <Filter>GUI</Filter>
    </ClInclude>
    <ClInclude Include="..\src\arch\x86_64\x86_64_instruction.hpp">
      <Filter>Core</Filter>
    </ClInclude>
    <ClInclude Include="..\src\arch\x86_64\x86_64_mnemonic.hpp">
      <Filter>Core</Filter>
    </ClInclude>
    <ClInclude Include="..\src\cli\console.hpp">
      <Filter>Console-utils</Filter>
    </ClInclude>
    <ClInclude Include="..\src\cli\print_to_console.hpp">
      <Filter>Console-utils</Filter>
    </ClInclude>
    <ClInclude Include="..\src\cli\hex_reader.hpp">
      <Filter>Console-utils</Filter>
    </ClInclude>
  </ItemGroup>
  <ItemGroup>
    <QtMoc Include="..\src\gui\ai\ai_client.hpp">
      <Filter>GUI</Filter>
    </QtMoc>
    <QtMoc Include="..\src\gui\dialogs\settings_dialog.hpp">
      <Filter>GUI</Filter>
    </QtMoc>
    <QtMoc Include="..\src\gui\panes\disassembly_pane.hpp">
      <Filter>GUI</Filter>
    </QtMoc>
    <QtMoc Include="..\src\gui\panes\registers_pane.hpp">
      <Filter>GUI</Filter>
    </QtMoc>
    <QtMoc Include="..\src\gui\panes\stack_pane.hpp">
      <Filter>GUI</Filter>
    </QtMoc>
    <QtMoc Include="..\src\gui\panes\memory_pane.hpp">
      <Filter>GUI</Filter>
    </QtMoc>
    <QtMoc Include="..\src\gui\panes\ai_chat_pane.hpp">
      <Filter>GUI</Filter>
    </QtMoc>
    <QtMoc Include="..\src\gui\panes\disasm_delegate.hpp">
      <Filter>GUI</Filter>
    </QtMoc>
    <QtMoc Include="..\src\gui\panes\symbols_pane.hpp">
      <Filter>GUI</Filter>
    </QtMoc>
    <QtMoc Include="..\src\gui\main_window.hpp">
      <Filter>GUI</Filter>
    </QtMoc>
    <QtMoc Include="..\src\gui\welcome_widget.hpp">
      <Filter>GUI</Filter>
    </QtMoc>
  </ItemGroup>
  <ItemGroup>
    <QtRcc Include="..\src\gui\rsrc\mainWindow.qrc">
      <Filter>Resource Files</Filter>
    </QtRcc>
  </ItemGroup>
  <ItemGroup>
    <ResourceCompile Include="..\src\app.rc">
      <Filter>Resource Files</Filter>
    </ResourceCompile>
  </ItemGroup>
</Project>