<?xml version="1.0" encoding="utf-8"?>
<Project ToolsVersion="4.0" xmlns="http://schemas.microsoft.com/developer/msbuild/2003">
  <ItemGroup>
    <Filter Include="Source Files">
      <UniqueIdentifier>{4FC737F1-C7A5-4376-A066-2A32D752A2FF}</UniqueIdentifier>
      <Extensions>qml;cpp;c;cc;cxx;def;odl;idl;hpj;bat;asm;asmx</Extensions>
    </Filter>
    <Filter Include="Header Files">
      <UniqueIdentifier>{93995380-89BD-4b04-88EB-625FBE52EBFB}</UniqueIdentifier>
      <Extensions>h;hh;hpp;hxx;hm;inl;inc;xsd</Extensions>
    </Filter>
    <Filter Include="Source Files\GUI">
      <UniqueIdentifier>{a1b2c3d4-0001-4000-8000-000000000001}</UniqueIdentifier>
    </Filter>
    <Filter Include="Source Files\Core">
      <UniqueIdentifier>{a1b2c3d4-0002-4000-8000-000000000002}</UniqueIdentifier>
    </Filter>
    <Filter Include="Header Files\GUI">
      <UniqueIdentifier>{a1b2c3d4-0003-4000-8000-000000000003}</UniqueIdentifier>
    </Filter>
    <Filter Include="Header Files\Core">
      <UniqueIdentifier>{a1b2c3d4-0004-4000-8000-000000000004}</UniqueIdentifier>
    </Filter>
  </ItemGroup>
  <ItemGroup>
    <QtMoc Include="..\..\main\GUI\widgets\main_window.h">
      <Filter>Header Files\GUI</Filter>
    </QtMoc>
    <QtMoc Include="..\..\main\GUI\ai\ai_client.h">
      <Filter>Header Files\GUI</Filter>
    </QtMoc>
    <QtMoc Include="..\..\main\GUI\dialogs\settings_dialog.h">
      <Filter>Header Files\GUI</Filter>
    </QtMoc>
    <QtMoc Include="..\..\main\GUI\panes\disassembly_pane.h">
      <Filter>Header Files\GUI</Filter>
    </QtMoc>
    <QtMoc Include="..\..\main\GUI\panes\registers_pane.h">
      <Filter>Header Files\GUI</Filter>
    </QtMoc>
    <QtMoc Include="..\..\main\GUI\panes\stack_pane.h">
      <Filter>Header Files\GUI</Filter>
    </QtMoc>
    <QtMoc Include="..\..\main\GUI\panes\memory_pane.h">
      <Filter>Header Files\GUI</Filter>
    </QtMoc>
    <QtMoc Include="..\..\main\GUI\panes\ai_chat_pane.h">
      <Filter>Header Files\GUI</Filter>
    </QtMoc>
    <QtMoc Include="..\..\main\GUI\panes\disasm_delegate.h">
      <Filter>Header Files\GUI</Filter>
    </QtMoc>
    <QtMoc Include="..\..\main\GUI\widgets\welcome_widget.h">
      <Filter>Header Files\GUI</Filter>
    </QtMoc>
  </ItemGroup>
  <ItemGroup>
    <QtRcc Include="..\..\main\GUI\rsrc\mainWindow.qrc">
      <Filter>Source Files\GUI</Filter>
    </QtRcc>
  </ItemGroup>
  <ItemGroup>
    <ClInclude Include="..\..\main\GUI\dialogs\settings.h">
      <Filter>Header Files\GUI</Filter>
    </ClInclude>
    <ClInclude Include="..\..\main\GUI\theme\theme.h">
      <Filter>Header Files\GUI</Filter>
    </ClInclude>
    <ClInclude Include="..\..\main\GUI\theme\theme_manager.h">
      <Filter>Header Files\GUI</Filter>
    </ClInclude>
    <ClInclude Include="..\..\main\GUI\theme\icons.h">
      <Filter>Header Files\GUI</Filter>
    </ClInclude>
    <ClInclude Include="..\..\main\GUI\model\gui_session.h">
      <Filter>Header Files\GUI</Filter>
    </ClInclude>
    <ClInclude Include="..\..\main\address-space\address_space.h">
      <Filter>Header Files\Core</Filter>
    </ClInclude>
    <ClInclude Include="..\..\main\disassembler\disassembler.h">
      <Filter>Header Files\Core</Filter>
    </ClInclude>
    <ClInclude Include="..\..\main\disassembler\ELF\elf_disassembler.h">
      <Filter>Header Files\Core</Filter>
    </ClInclude>
    <ClInclude Include="..\..\main\disassembler\PE\pe_disassembler.h">
      <Filter>Header Files\Core</Filter>
    </ClInclude>
    <ClInclude Include="..\..\main\disassembler\miscellaneous\sections\base\header.h">
      <Filter>Header Files\Core</Filter>
    </ClInclude>
    <ClInclude Include="..\..\main\disassembler\mnemonic\instruction.h">
      <Filter>Header Files\Core</Filter>
    </ClInclude>
    <ClInclude Include="..\..\main\miscellaneous\loader.h">
      <Filter>Header Files\Core</Filter>
    </ClInclude>
  </ItemGroup>
  <ItemGroup>
    <ClCompile Include="..\..\main\GUI\runner\gui_main.cpp">
      <Filter>Source Files\GUI</Filter>
    </ClCompile>
    <ClCompile Include="..\..\main\GUI\widgets\main_window.cpp">
      <Filter>Source Files\GUI</Filter>
    </ClCompile>
    <ClCompile Include="..\..\main\GUI\model\gui_session.cpp">
      <Filter>Source Files\GUI</Filter>
    </ClCompile>
    <ClCompile Include="..\..\main\GUI\ai\ai_client.cpp">
      <Filter>Source Files\GUI</Filter>
    </ClCompile>
    <ClCompile Include="..\..\main\GUI\dialogs\settings_dialog.cpp">
      <Filter>Source Files\GUI</Filter>
    </ClCompile>
    <ClCompile Include="..\..\main\GUI\panes\disassembly_pane.cpp">
      <Filter>Source Files\GUI</Filter>
    </ClCompile>
    <ClCompile Include="..\..\main\GUI\panes\registers_pane.cpp">
      <Filter>Source Files\GUI</Filter>
    </ClCompile>
    <ClCompile Include="..\..\main\GUI\panes\stack_pane.cpp">
      <Filter>Source Files\GUI</Filter>
    </ClCompile>
    <ClCompile Include="..\..\main\GUI\panes\memory_pane.cpp">
      <Filter>Source Files\GUI</Filter>
    </ClCompile>
    <ClCompile Include="..\..\main\GUI\panes\ai_chat_pane.cpp">
      <Filter>Source Files\GUI</Filter>
    </ClCompile>
    <ClCompile Include="..\..\main\GUI\panes\disasm_delegate.cpp">
      <Filter>Source Files\GUI</Filter>
    </ClCompile>
    <ClCompile Include="..\..\main\GUI\widgets\welcome_widget.cpp">
      <Filter>Source Files\GUI</Filter>
    </ClCompile>
    <ClCompile Include="..\..\main\GUI\theme\theme.cpp">
      <Filter>Source Files\GUI</Filter>
    </ClCompile>
    <ClCompile Include="..\..\main\GUI\theme\theme_manager.cpp">
      <Filter>Source Files\GUI</Filter>
    </ClCompile>
    <ClCompile Include="..\..\main\GUI\theme\icons.cpp">
      <Filter>Source Files\GUI</Filter>
    </ClCompile>
    <ClCompile Include="..\..\main\address-space\address_space.cpp">
      <Filter>Source Files\Core</Filter>
    </ClCompile>
    <ClCompile Include="..\..\main\disassembler\disassembler.cpp">
      <Filter>Source Files\Core</Filter>
    </ClCompile>
    <ClCompile Include="..\..\main\disassembler\ELF\elf_disassembler.cpp">
      <Filter>Source Files\Core</Filter>
    </ClCompile>
    <ClCompile Include="..\..\main\disassembler\PE\pe_disassembler.cpp">
      <Filter>Source Files\Core</Filter>
    </ClCompile>
  </ItemGroup>
</Project>
