<?xml version="1.0" encoding="utf-8"?>
<Project ToolsVersion="4.0" xmlns="http://schemas.microsoft.com/developer/msbuild/2003">
  <ItemGroup>
    <Filter Include="Source Files">
      <UniqueIdentifier>{4FC737F1-C7A5-4376-A066-2A32D752A2FF}</UniqueIdentifier>
      <Extensions>cpp;c;cc;cxx;c++;cppm;ixx;def;odl;idl;hpj;bat;asm;asmx</Extensions>
    </Filter>
    <Filter Include="Header Files">
      <UniqueIdentifier>{93995380-89BD-4b04-88EB-625FBE52EBFB}</UniqueIdentifier>
      <Extensions>h;hh;hpp;hxx;h++;hm;inl;inc;ipp;xsd</Extensions>
    </Filter>
    <Filter Include="Resource Files">
      <UniqueIdentifier>{67DA6AB6-F800-4c08-8B7A-83BB121AAD01}</UniqueIdentifier>
      <Extensions>rc;ico;cur;bmp;dlg;rc2;rct;bin;rgs;gif;jpg;jpeg;jpe;resx;tiff;tif;png;wav;mfcribbon-ms</Extensions>
    </Filter>
  </ItemGroup>
  <ItemGroup>
    <ClInclude Include="..\..\main\address-space\address_space.h">
      <Filter>Header Files</Filter>
    </ClInclude>
    <ClInclude Include="..\..\main\disassembler\disassembler.h">
      <Filter>Header Files</Filter>
    </ClInclude>
    <ClInclude Include="..\..\main\disassembler\PE\pe_disassembler.h">
      <Filter>Header Files</Filter>
    </ClInclude>
    <ClInclude Include="..\..\main\disassembler\PE\parsers\pe_section_map.h">
      <Filter>Header Files</Filter>
    </ClInclude>
    <ClInclude Include="..\..\main\disassembler\ELF\elf_disassembler.h">
      <Filter>Header Files</Filter>
    </ClInclude>
    <ClInclude Include="..\..\main\disassembler\ELF\parsers\elf_section_map.h">
      <Filter>Header Files</Filter>
    </ClInclude>
    <ClInclude Include="..\..\main\disassembler\miscellaneous\sections\base\header.h">
      <Filter>Header Files</Filter>
    </ClInclude>
    <ClInclude Include="..\..\main\disassembler\mnemonic\instruction.h">
      <Filter>Header Files</Filter>
    </ClInclude>
    <ClInclude Include="..\..\main\disassembler\mnemonic\AArch64\AArch64-instr.h">
      <Filter>Header Files</Filter>
    </ClInclude>
    <ClInclude Include="..\..\main\disassembler\mnemonic\AArch64\AArch64-mnemonic.h">
      <Filter>Header Files</Filter>
    </ClInclude>
    <ClInclude Include="..\..\main\disassembler\mnemonic\AMD64\AMD64-instr.h">
      <Filter>Header Files</Filter>
    </ClInclude>
    <ClInclude Include="..\..\main\disassembler\mnemonic\AMD64\AMD64-mnemonic.h">
      <Filter>Header Files</Filter>
    </ClInclude>
    <ClInclude Include="..\..\main\disassembler\mnemonic\ARM32\ARM32-instr.h">
      <Filter>Header Files</Filter>
    </ClInclude>
    <ClInclude Include="..\..\main\disassembler\mnemonic\ARM32\ARM32-mnemonic.h">
      <Filter>Header Files</Filter>
    </ClInclude>
    <ClInclude Include="..\..\main\disassembler\mnemonic\IA-32\IA-32-instr.h">
      <Filter>Header Files</Filter>
    </ClInclude>
    <ClInclude Include="..\..\main\disassembler\mnemonic\IA-32\IA-32-mnemonic.h">
      <Filter>Header Files</Filter>
    </ClInclude>
  </ItemGroup>
  <ItemGroup>
    <ClCompile Include="..\..\main\address-space\address_space.cpp">
      <Filter>Source Files</Filter>
    </ClCompile>
    <ClCompile Include="..\..\main\disassembler\disassembler.cpp">
      <Filter>Source Files</Filter>
    </ClCompile>
    <ClCompile Include="..\..\main\disassembler\PE\pe_disassembler.cpp">
      <Filter>Source Files</Filter>
    </ClCompile>
    <ClCompile Include="..\..\main\disassembler\ELF\elf_disassembler.cpp">
      <Filter>Source Files</Filter>
    </ClCompile>
    <ClCompile Include="..\..\main\main.cpp">
      <Filter>Source Files</Filter>
    </ClCompile>
    <ClCompile Include="..\..\tests\runner.cpp">
      <Filter>Source Files</Filter>
    </ClCompile>
  </ItemGroup>
</Project>